
Microsoft Visual Studio Solution File, Format Version 12.00
# Visual Studio 15
VisualStudioVersion = 15.0.28307.1401
MinimumVisualStudioVersion = 10.0.40219.1
Project("{8BC9CEB8-8B4A-11D0-8D11-00A0C91BC942}") = "cuda", "cuda\cuda.vcxproj", "{4124EDAC-43F6-4780-96DA-3512ADD839FB}"
EndProject
Global
	GlobalSection(SolutionConfigurationPlatforms) = preSolution
		Debug|x64 = Debug|x64
		Release|x64 = Release|x64
	EndGlobalSection
	GlobalSection(ProjectConfigurationPlatforms) = postSolution
		{4124EDAC-43F6-4780-96DA-3512ADD839FB}.Debug|x64.ActiveCfg = Debug|x64
		{4124EDAC-43F6-4780-96DA-3512ADD839FB}.Debug|x64.Build.0 = Debug|x64
		{4124EDAC-43F6-4780-96DA-3512ADD839FB}.Release|x64.ActiveCfg = Release|x64
		{4124EDAC-43F6-4780-96DA-3512ADD839FB}.Release|x64.Build.0 = Release|x64
	EndGlobalSection
	GlobalSection(SolutionProperties) = preSolution
		HideSolutionNode = FALSE
	EndGlobalSection
	GlobalSection(ExtensibilityGlobals) = postSolution
		SolutionGuid = {F27CBBC2-5B08-4C00-94AE-0DCC3EF4A102}
	EndGlobalSection
EndGlobal
